
Microsoft Visual Studio Solution File, Format Version 12.00
# Visual Studio Version 17
VisualStudioVersion = 17.4.33213.308
MinimumVisualStudioVersion = 10.0.40219.1
Project("{FAE04EC0-301F-11D3-BF4B-00C04F79EFBC}") = "SistemaDeVendaLivros", "SistemaDeVendaLivros\SistemaDeVendaLivros.csproj", "{76265A63-7637-4160-AEC3-89A0E38119E5}"
EndProject
Global
	GlobalSection(SolutionConfigurationPlatforms) = preSolution
		Debug|Any CPU = Debug|Any CPU
		Release|Any CPU = Release|Any CPU
	EndGlobalSection
	GlobalSection(ProjectConfigurationPlatforms) = postSolution
		{76265A63-7637-4160-AEC3-89A0E38119E5}.Debug|Any CPU.ActiveCfg = Debug|Any CPU
		{76265A63-7637-4160-AEC3-89A0E38119E5}.Debug|Any CPU.Build.0 = Debug|Any CPU
		{76265A63-7637-4160-AEC3-89A0E38119E5}.Release|Any CPU.ActiveCfg = Release|Any CPU
		{76265A63-7637-4160-AEC3-89A0E38119E5}.Release|Any CPU.Build.0 = Release|Any CPU
	EndGlobalSection
	GlobalSection(SolutionProperties) = preSolution
		HideSolutionNode = FALSE
	EndGlobalSection
	GlobalSection(ExtensibilityGlobals) = postSolution
		SolutionGuid = {609D4270-07A1-4733-8DE1-769BFC3D34A9}
	EndGlobalSection
EndGlobal
